
Microsoft Visual Studio Solution File, Format Version 12.00
# Visual Studio Version 16
VisualStudioVersion = 16.0.30803.129
MinimumVisualStudioVersion = 10.0.40219.1
Project("{9A19103F-16F7-4668-BE54-9A1E7A4F7556}") = "BlockchainAuthIoT.Core", "BlockchainAuthIoT.Core\BlockchainAuthIoT.Core.csproj", "{17146A39-4C8B-4965-8C54-F91F0D7D277D}"
EndProject
Project("{9A19103F-16F7-4668-BE54-9A1E7A4F7556}") = "BlockchainAuthIoT.Tests", "BlockchainAuthIoT.Tests\BlockchainAuthIoT.Tests.csproj", "{289C75B2-80EE-4A90-B19E-9D5488BF6E04}"
EndProject
Project("{FAE04EC0-301F-11D3-BF4B-00C04F79EFBC}") = "BlockchainAuthIoT.UserClient", "BlockchainAuthIoT.UserClient\BlockchainAuthIoT.UserClient.csproj", "{9E81651A-7DA5-4A74-B9D4-32948BD176E1}"
EndProject
Project("{FAE04EC0-301F-11D3-BF4B-00C04F79EFBC}") = "BlockchainAuthIoT.AdminClient", "BlockchainAuthIoT.AdminClient\BlockchainAuthIoT.AdminClient.csproj", "{5C604811-1E61-4A0D-8C59-332547A960FB}"
EndProject
Global
	GlobalSection(SolutionConfigurationPlatforms) = preSolution
		Debug|Any CPU = Debug|Any CPU
		Release|Any CPU = Release|Any CPU
	EndGlobalSection
	GlobalSection(ProjectConfigurationPlatforms) = postSolution
		{17146A39-4C8B-4965-8C54-F91F0D7D277D}.Debug|Any CPU.ActiveCfg = Debug|Any CPU
		{17146A39-4C8B-4965-8C54-F91F0D7D277D}.Debug|Any CPU.Build.0 = Debug|Any CPU
		{17146A39-4C8B-4965-8C54-F91F0D7D277D}.Release|Any CPU.ActiveCfg = Release|Any CPU
		{17146A39-4C8B-4965-8C54-F91F0D7D277D}.Release|Any CPU.Build.0 = Release|Any CPU
		{289C75B2-80EE-4A90-B19E-9D5488BF6E04}.Debug|Any CPU.ActiveCfg = Debug|Any CPU
		{289C75B2-80EE-4A90-B19E-9D5488BF6E04}.Debug|Any CPU.Build.0 = Debug|Any CPU
		{289C75B2-80EE-4A90-B19E-9D5488BF6E04}.Release|Any CPU.ActiveCfg = Release|Any CPU
		{289C75B2-80EE-4A90-B19E-9D5488BF6E04}.Release|Any CPU.Build.0 = Release|Any CPU
		{9E81651A-7DA5-4A74-B9D4-32948BD176E1}.Debug|Any CPU.ActiveCfg = Debug|Any CPU
		{9E81651A-7DA5-4A74-B9D4-32948BD176E1}.Debug|Any CPU.Build.0 = Debug|Any CPU
		{9E81651A-7DA5-4A74-B9D4-32948BD176E1}.Release|Any CPU.ActiveCfg = Release|Any CPU
		{9E81651A-7DA5-4A74-B9D4-32948BD176E1}.Release|Any CPU.Build.0 = Release|Any CPU
		{5C604811-1E61-4A0D-8C59-332547A960FB}.Debug|Any CPU.ActiveCfg = Debug|Any CPU
		{5C604811-1E61-4A0D-8C59-332547A960FB}.Debug|Any CPU.Build.0 = Debug|Any CPU
		{5C604811-1E61-4A0D-8C59-332547A960FB}.Release|Any CPU.ActiveCfg = Release|Any CPU
		{5C604811-1E61-4A0D-8C59-332547A960FB}.Release|Any CPU.Build.0 = Release|Any CPU
	EndGlobalSection
	GlobalSection(SolutionProperties) = preSolution
		HideSolutionNode = FALSE
	EndGlobalSection
	GlobalSection(ExtensibilityGlobals) = postSolution
		SolutionGuid = {593C3365-0510-44E9-A665-5562F6CEBD73}
	EndGlobalSection
EndGlobal
