
Microsoft Visual Studio Solution File, Format Version 12.00
# Visual Studio Version 16
VisualStudioVersion = 16.0.30803.129
MinimumVisualStudioVersion = 10.0.40219.1
Project("{9A19103F-16F7-4668-BE54-9A1E7A4F7556}") = "BlockchainAuthIoT.Core", "BlockchainAuthIoT.Core\BlockchainAuthIoT.Core.csproj", "{17146A39-4C8B-4965-8C54-F91F0D7D277D}"
EndProject
Project("{9A19103F-16F7-4668-BE54-9A1E7A4F7556}") = "BlockchainAuthIoT.Tests", "BlockchainAuthIoT.Tests\BlockchainAuthIoT.Tests.csproj", "{289C75B2-80EE-4A90-B19E-9D5488BF6E04}"
EndProject
Project("{9A19103F-16F7-4668-BE54-9A1E7A4F7556}") = "BlockchainAuthIoT.Client", "BlockchainAuthIoT.Client\BlockchainAuthIoT.Client.csproj", "{C385D4FB-CBCD-4040-B263-4F899A200A6C}"
EndProject
Project("{9A19103F-16F7-4668-BE54-9A1E7A4F7556}") = "BlockchainAuthIoT.DataProvider", "BlockchainAuthIoT.DataProvider\BlockchainAuthIoT.DataProvider.csproj", "{609377C5-3494-4271-BB3F-AE44E2037A46}"
EndProject
Project("{9A19103F-16F7-4668-BE54-9A1E7A4F7556}") = "BlockchainAuthIoT.Models", "BlockchainAuthIoT.Models\BlockchainAuthIoT.Models.csproj", "{BDC707AA-4F74-49CC-BB3F-807CB645352F}"
EndProject
Project("{9A19103F-16F7-4668-BE54-9A1E7A4F7556}") = "BlockchainAuthIoT.Device", "BlockchainAuthIoT.Device\BlockchainAuthIoT.Device.csproj", "{02D7E05E-335F-4969-8BF8-FA9224B3D493}"
EndProject
Project("{9A19103F-16F7-4668-BE54-9A1E7A4F7556}") = "BlockchainAuthIoT.DataController", "BlockchainAuthIoT.DataController\BlockchainAuthIoT.DataController.csproj", "{AF8635E4-092C-4A86-86CE-CB2AA7027355}"
EndProject
Global
	GlobalSection(SolutionConfigurationPlatforms) = preSolution
		Debug|Any CPU = Debug|Any CPU
		Release|Any CPU = Release|Any CPU
	EndGlobalSection
	GlobalSection(ProjectConfigurationPlatforms) = postSolution
		{17146A39-4C8B-4965-8C54-F91F0D7D277D}.Debug|Any CPU.ActiveCfg = Debug|Any CPU
		{17146A39-4C8B-4965-8C54-F91F0D7D277D}.Debug|Any CPU.Build.0 = Debug|Any CPU
		{17146A39-4C8B-4965-8C54-F91F0D7D277D}.Release|Any CPU.ActiveCfg = Release|Any CPU
		{17146A39-4C8B-4965-8C54-F91F0D7D277D}.Release|Any CPU.Build.0 = Release|Any CPU
		{289C75B2-80EE-4A90-B19E-9D5488BF6E04}.Debug|Any CPU.ActiveCfg = Debug|Any CPU
		{289C75B2-80EE-4A90-B19E-9D5488BF6E04}.Debug|Any CPU.Build.0 = Debug|Any CPU
		{289C75B2-80EE-4A90-B19E-9D5488BF6E04}.Release|Any CPU.ActiveCfg = Release|Any CPU
		{289C75B2-80EE-4A90-B19E-9D5488BF6E04}.Release|Any CPU.Build.0 = Release|Any CPU
		{C385D4FB-CBCD-4040-B263-4F899A200A6C}.Debug|Any CPU.ActiveCfg = Debug|Any CPU
		{C385D4FB-CBCD-4040-B263-4F899A200A6C}.Debug|Any CPU.Build.0 = Debug|Any CPU
		{C385D4FB-CBCD-4040-B263-4F899A200A6C}.Release|Any CPU.ActiveCfg = Release|Any CPU
		{C385D4FB-CBCD-4040-B263-4F899A200A6C}.Release|Any CPU.Build.0 = Release|Any CPU
		{609377C5-3494-4271-BB3F-AE44E2037A46}.Debug|Any CPU.ActiveCfg = Debug|Any CPU
		{609377C5-3494-4271-BB3F-AE44E2037A46}.Debug|Any CPU.Build.0 = Debug|Any CPU
		{609377C5-3494-4271-BB3F-AE44E2037A46}.Release|Any CPU.ActiveCfg = Release|Any CPU
		{609377C5-3494-4271-BB3F-AE44E2037A46}.Release|Any CPU.Build.0 = Release|Any CPU
		{BDC707AA-4F74-49CC-BB3F-807CB645352F}.Debug|Any CPU.ActiveCfg = Debug|Any CPU
		{BDC707AA-4F74-49CC-BB3F-807CB645352F}.Debug|Any CPU.Build.0 = Debug|Any CPU
		{BDC707AA-4F74-49CC-BB3F-807CB645352F}.Release|Any CPU.ActiveCfg = Release|Any CPU
		{BDC707AA-4F74-49CC-BB3F-807CB645352F}.Release|Any CPU.Build.0 = Release|Any CPU
		{02D7E05E-335F-4969-8BF8-FA9224B3D493}.Debug|Any CPU.ActiveCfg = Debug|Any CPU
		{02D7E05E-335F-4969-8BF8-FA9224B3D493}.Debug|Any CPU.Build.0 = Debug|Any CPU
		{02D7E05E-335F-4969-8BF8-FA9224B3D493}.Release|Any CPU.ActiveCfg = Release|Any CPU
		{02D7E05E-335F-4969-8BF8-FA9224B3D493}.Release|Any CPU.Build.0 = Release|Any CPU
		{AF8635E4-092C-4A86-86CE-CB2AA7027355}.Debug|Any CPU.ActiveCfg = Debug|Any CPU
		{AF8635E4-092C-4A86-86CE-CB2AA7027355}.Debug|Any CPU.Build.0 = Debug|Any CPU
		{AF8635E4-092C-4A86-86CE-CB2AA7027355}.Release|Any CPU.ActiveCfg = Release|Any CPU
		{AF8635E4-092C-4A86-86CE-CB2AA7027355}.Release|Any CPU.Build.0 = Release|Any CPU
	EndGlobalSection
	GlobalSection(SolutionProperties) = preSolution
		HideSolutionNode = FALSE
	EndGlobalSection
	GlobalSection(ExtensibilityGlobals) = postSolution
		SolutionGuid = {593C3365-0510-44E9-A665-5562F6CEBD73}
	EndGlobalSection
EndGlobal
